
Microsoft Visual Studio Solution File, Format Version 12.00
# Visual Studio 15
VisualStudioVersion = 15.0.26124.0
MinimumVisualStudioVersion = 15.0.26124.0
Project("{FAE04EC0-301F-11D3-BF4B-00C04F79EFBC}") = "Domain", "Domain\Domain.csproj", "{26798C90-9662-4211-858B-B5107268CEF9}"
EndProject
Project("{FAE04EC0-301F-11D3-BF4B-00C04F79EFBC}") = "Application", "Application\Application.csproj", "{54C18789-F10C-4950-9F3F-4C8DD045359F}"
EndProject
Project("{FAE04EC0-301F-11D3-BF4B-00C04F79EFBC}") = "Persistence", "Persistence\Persistence.csproj", "{CE276165-47B4-4543-BD76-247AD0288097}"
EndProject
Project("{FAE04EC0-301F-11D3-BF4B-00C04F79EFBC}") = "API", "API\API.csproj", "{7E43CA99-6EBD-495E-AA5D-EFFF350D25E7}"
EndProject
Global
	GlobalSection(SolutionConfigurationPlatforms) = preSolution
		Debug|Any CPU = Debug|Any CPU
		Debug|x64 = Debug|x64
		Debug|x86 = Debug|x86
		Release|Any CPU = Release|Any CPU
		Release|x64 = Release|x64
		Release|x86 = Release|x86
	EndGlobalSection
	GlobalSection(SolutionProperties) = preSolution
		HideSolutionNode = FALSE
	EndGlobalSection
	GlobalSection(ProjectConfigurationPlatforms) = postSolution
		{26798C90-9662-4211-858B-B5107268CEF9}.Debug|Any CPU.ActiveCfg = Debug|Any CPU
		{26798C90-9662-4211-858B-B5107268CEF9}.Debug|Any CPU.Build.0 = Debug|Any CPU
		{26798C90-9662-4211-858B-B5107268CEF9}.Debug|x64.ActiveCfg = Debug|Any CPU
		{26798C90-9662-4211-858B-B5107268CEF9}.Debug|x64.Build.0 = Debug|Any CPU
		{26798C90-9662-4211-858B-B5107268CEF9}.Debug|x86.ActiveCfg = Debug|Any CPU
		{26798C90-9662-4211-858B-B5107268CEF9}.Debug|x86.Build.0 = Debug|Any CPU
		{26798C90-9662-4211-858B-B5107268CEF9}.Release|Any CPU.ActiveCfg = Release|Any CPU
		{26798C90-9662-4211-858B-B5107268CEF9}.Release|Any CPU.Build.0 = Release|Any CPU
		{26798C90-9662-4211-858B-B5107268CEF9}.Release|x64.ActiveCfg = Release|Any CPU
		{26798C90-9662-4211-858B-B5107268CEF9}.Release|x64.Build.0 = Release|Any CPU
		{26798C90-9662-4211-858B-B5107268CEF9}.Release|x86.ActiveCfg = Release|Any CPU
		{26798C90-9662-4211-858B-B5107268CEF9}.Release|x86.Build.0 = Release|Any CPU
		{54C18789-F10C-4950-9F3F-4C8DD045359F}.Debug|Any CPU.ActiveCfg = Debug|Any CPU
		{54C18789-F10C-4950-9F3F-4C8DD045359F}.Debug|Any CPU.Build.0 = Debug|Any CPU
		{54C18789-F10C-4950-9F3F-4C8DD045359F}.Debug|x64.ActiveCfg = Debug|Any CPU
		{54C18789-F10C-4950-9F3F-4C8DD045359F}.Debug|x64.Build.0 = Debug|Any CPU
		{54C18789-F10C-4950-9F3F-4C8DD045359F}.Debug|x86.ActiveCfg = Debug|Any CPU
		{54C18789-F10C-4950-9F3F-4C8DD045359F}.Debug|x86.Build.0 = Debug|Any CPU
		{54C18789-F10C-4950-9F3F-4C8DD045359F}.Release|Any CPU.ActiveCfg = Release|Any CPU
		{54C18789-F10C-4950-9F3F-4C8DD045359F}.Release|Any CPU.Build.0 = Release|Any CPU
		{54C18789-F10C-4950-9F3F-4C8DD045359F}.Release|x64.ActiveCfg = Release|Any CPU
		{54C18789-F10C-4950-9F3F-4C8DD045359F}.Release|x64.Build.0 = Release|Any CPU
		{54C18789-F10C-4950-9F3F-4C8DD045359F}.Release|x86.ActiveCfg = Release|Any CPU
		{54C18789-F10C-4950-9F3F-4C8DD045359F}.Release|x86.Build.0 = Release|Any CPU
		{CE276165-47B4-4543-BD76-247AD0288097}.Debug|Any CPU.ActiveCfg = Debug|Any CPU
		{CE276165-47B4-4543-BD76-247AD0288097}.Debug|Any CPU.Build.0 = Debug|Any CPU
		{CE276165-47B4-4543-BD76-247AD0288097}.Debug|x64.ActiveCfg = Debug|Any CPU
		{CE276165-47B4-4543-BD76-247AD0288097}.Debug|x64.Build.0 = Debug|Any CPU
		{CE276165-47B4-4543-BD76-247AD0288097}.Debug|x86.ActiveCfg = Debug|Any CPU
		{CE276165-47B4-4543-BD76-247AD0288097}.Debug|x86.Build.0 = Debug|Any CPU
		{CE276165-47B4-4543-BD76-247AD0288097}.Release|Any CPU.ActiveCfg = Release|Any CPU
		{CE276165-47B4-4543-BD76-247AD0288097}.Release|Any CPU.Build.0 = Release|Any CPU
		{CE276165-47B4-4543-BD76-247AD0288097}.Release|x64.ActiveCfg = Release|Any CPU
		{CE276165-47B4-4543-BD76-247AD0288097}.Release|x64.Build.0 = Release|Any CPU
		{CE276165-47B4-4543-BD76-247AD0288097}.Release|x86.ActiveCfg = Release|Any CPU
		{CE276165-47B4-4543-BD76-247AD0288097}.Release|x86.Build.0 = Release|Any CPU
		{7E43CA99-6EBD-495E-AA5D-EFFF350D25E7}.Debug|Any CPU.ActiveCfg = Debug|Any CPU
		{7E43CA99-6EBD-495E-AA5D-EFFF350D25E7}.Debug|Any CPU.Build.0 = Debug|Any CPU
		{7E43CA99-6EBD-495E-AA5D-EFFF350D25E7}.Debug|x64.ActiveCfg = Debug|Any CPU
		{7E43CA99-6EBD-495E-AA5D-EFFF350D25E7}.Debug|x64.Build.0 = Debug|Any CPU
		{7E43CA99-6EBD-495E-AA5D-EFFF350D25E7}.Debug|x86.ActiveCfg = Debug|Any CPU
		{7E43CA99-6EBD-495E-AA5D-EFFF350D25E7}.Debug|x86.Build.0 = Debug|Any CPU
		{7E43CA99-6EBD-495E-AA5D-EFFF350D25E7}.Release|Any CPU.ActiveCfg = Release|Any CPU
		{7E43CA99-6EBD-495E-AA5D-EFFF350D25E7}.Release|Any CPU.Build.0 = Release|Any CPU
		{7E43CA99-6EBD-495E-AA5D-EFFF350D25E7}.Release|x64.ActiveCfg = Release|Any CPU
		{7E43CA99-6EBD-495E-AA5D-EFFF350D25E7}.Release|x64.Build.0 = Release|Any CPU
		{7E43CA99-6EBD-495E-AA5D-EFFF350D25E7}.Release|x86.ActiveCfg = Release|Any CPU
		{7E43CA99-6EBD-495E-AA5D-EFFF350D25E7}.Release|x86.Build.0 = Release|Any CPU
	EndGlobalSection
EndGlobal
